
Microsoft Visual Studio Solution File, Format Version 12.00
# Visual Studio Version 17
VisualStudioVersion = 17.11.35222.181
MinimumVisualStudioVersion = 10.0.40219.1
Project("{FAE04EC0-301F-11D3-BF4B-00C04F79EFBC}") = "Products Management API", "Products Management API\Products Management API.csproj", "{32538F16-CDED-4F04-8256-36E67BD7D0E4}"
EndProject
Global
	GlobalSection(SolutionConfigurationPlatforms) = preSolution
		Debug|Any CPU = Debug|Any CPU
		Release|Any CPU = Release|Any CPU
	EndGlobalSection
	GlobalSection(ProjectConfigurationPlatforms) = postSolution
		{32538F16-CDED-4F04-8256-36E67BD7D0E4}.Debug|Any CPU.ActiveCfg = Debug|Any CPU
		{32538F16-CDED-4F04-8256-36E67BD7D0E4}.Debug|Any CPU.Build.0 = Debug|Any CPU
		{32538F16-CDED-4F04-8256-36E67BD7D0E4}.Release|Any CPU.ActiveCfg = Release|Any CPU
		{32538F16-CDED-4F04-8256-36E67BD7D0E4}.Release|Any CPU.Build.0 = Release|Any CPU
	EndGlobalSection
	GlobalSection(SolutionProperties) = preSolution
		HideSolutionNode = FALSE
	EndGlobalSection
	GlobalSection(ExtensibilityGlobals) = postSolution
		SolutionGuid = {3D883F08-AF11-4E82-B410-B29BBD572E94}
	EndGlobalSection
EndGlobal
